PODS:
  - SDWebImage (5.11.1):
    - SDWebImage/Core (= 5.11.1)
  - SDWebImage/Core (5.11.1)
  - Toast-Swift (5.0.1)

DEPENDENCIES:
  - SDWebImage
  - Toast-Swift (~> 5.0.1)

SPEC REPOS:
  trunk:
    - SDWebImage
    - Toast-Swift

SPEC CHECKSUMS:
  SDWebImage: a7f831e1a65eb5e285e3fb046a23fcfbf08e696d
  Toast-Swift: 9b6a70f28b3bf0b96c40d46c0c4b9d6639846711

PODFILE CHECKSUM: e824ad74fcce5557f25a890866f657ab97bea91f

COCOAPODS: 1.10.2
