// !$*UTF8*$!
{
	archiveVersion = 1;
	classes = {
	};
	objectVersion = 51;
	objects = {

/* Begin PBXBuildFile section */
		183510D026F316A200C8315B /* HotViewController.swift in Sources */ = {isa = PBXBuildFile; fileRef = 183510CF26F316A200C8315B /* HotViewController.swift */; };
		1852428726F46DA30025E19E /* HomeImageRespone.swift in Sources */ = {isa = PBXBuildFile; fileRef = 1852428626F46DA30025E19E /* HomeImageRespone.swift */; };
		9F47FA12A10C2F34510D2E3E /* Pods_UnSplash_App.framework in Frameworks */ = {isa = PBXBuildFile; fileRef = FCB5C4F80BA35ED40E4488D3 /* Pods_UnSplash_App.framework */; };
		F41DEA7A26E4C12000215CFC /* PinterestLayout.swift in Sources */ = {isa = PBXBuildFile; fileRef = F41DEA7926E4C12000215CFC /* PinterestLayout.swift */; };
		F41DEA7D26E4C16800215CFC /* Photo.swift in Sources */ = {isa = PBXBuildFile; fileRef = F41DEA7C26E4C16800215CFC /* Photo.swift */; };
		F41DEA8126E4C19500215CFC /* Photos.xcassets in Resources */ = {isa = PBXBuildFile; fileRef = F41DEA7F26E4C19500215CFC /* Photos.xcassets */; };
		F41DEA8226E4C19500215CFC /* Photos.plist in Resources */ = {isa = PBXBuildFile; fileRef = F41DEA8026E4C19500215CFC /* Photos.plist */; };
		F41DEA8526E4C20800215CFC /* AnnotatedPhotoCell.swift in Sources */ = {isa = PBXBuildFile; fileRef = F41DEA8426E4C20800215CFC /* AnnotatedPhotoCell.swift */; };
		F42B371C26FB57D000609593 /* imageItem.swift in Sources */ = {isa = PBXBuildFile; fileRef = F42B371B26FB57D000609593 /* imageItem.swift */; };
		F42B371F26FB6B4300609593 /* AppConst.swift in Sources */ = {isa = PBXBuildFile; fileRef = F42B371E26FB6B4300609593 /* AppConst.swift */; };
		F42CA884270DEEFD00B8067A /* FileDownloader.swift in Sources */ = {isa = PBXBuildFile; fileRef = F42CA883270DEEFD00B8067A /* FileDownloader.swift */; };
		F453BBFA27030D80006EF654 /* ImageInfoViewController.swift in Sources */ = {isa = PBXBuildFile; fileRef = F453BBF927030D80006EF654 /* ImageInfoViewController.swift */; };
		F45D8819270867E5002CD360 /* TopicImageResponse.swift in Sources */ = {isa = PBXBuildFile; fileRef = F45D8818270867E5002CD360 /* TopicImageResponse.swift */; };
		F45D881B27086AA1002CD360 /* TopicImagesViewController.swift in Sources */ = {isa = PBXBuildFile; fileRef = F45D881A27086AA1002CD360 /* TopicImagesViewController.swift */; };
		F45D881D27086CB7002CD360 /* StretchyCollectionHeaderView.swift in Sources */ = {isa = PBXBuildFile; fileRef = F45D881C27086CB7002CD360 /* StretchyCollectionHeaderView.swift */; };
		F45D881F27086D14002CD360 /* CollectionViewFlowLayout.swift in Sources */ = {isa = PBXBuildFile; fileRef = F45D881E27086D14002CD360 /* CollectionViewFlowLayout.swift */; };
		F45F770826DBDBB3009CAAE1 /* AppDelegate.swift in Sources */ = {isa = PBXBuildFile; fileRef = F45F770726DBDBB3009CAAE1 /* AppDelegate.swift */; };
		F45F770A26DBDBB3009CAAE1 /* SceneDelegate.swift in Sources */ = {isa = PBXBuildFile; fileRef = F45F770926DBDBB3009CAAE1 /* SceneDelegate.swift */; };
		F45F770C26DBDBB3009CAAE1 /* HomeViewController.swift in Sources */ = {isa = PBXBuildFile; fileRef = F45F770B26DBDBB3009CAAE1 /* HomeViewController.swift */; };
		F45F770F26DBDBB3009CAAE1 /* Main.storyboard in Resources */ = {isa = PBXBuildFile; fileRef = F45F770D26DBDBB3009CAAE1 /* Main.storyboard */; };
		F45F771126DBDBB3009CAAE1 /* Assets.xcassets in Resources */ = {isa = PBXBuildFile; fileRef = F45F771026DBDBB3009CAAE1 /* Assets.xcassets */; };
		F45F771426DBDBB3009CAAE1 /* LaunchScreen.storyboard in Resources */ = {isa = PBXBuildFile; fileRef = F45F771226DBDBB3009CAAE1 /* LaunchScreen.storyboard */; };
		F4674708271D89A00016058D /* DownlodCell.swift in Sources */ = {isa = PBXBuildFile; fileRef = F4674707271D89A00016058D /* DownlodCell.swift */; };
		F467470A271D94020016058D /* DownlodClass.swift in Sources */ = {isa = PBXBuildFile; fileRef = F4674709271D94020016058D /* DownlodClass.swift */; };
		F47CC70F2712B032008C5C91 /* SavedViewController.swift in Sources */ = {isa = PBXBuildFile; fileRef = F47CC70E2712B032008C5C91 /* SavedViewController.swift */; };
		F48E06FA2704275A00DA4D51 /* TopicsViewController.swift in Sources */ = {isa = PBXBuildFile; fileRef = F48E06F92704275A00DA4D51 /* TopicsViewController.swift */; };
		F48E06FC2704295200DA4D51 /* TopicImageItem.swift in Sources */ = {isa = PBXBuildFile; fileRef = F48E06FB2704295200DA4D51 /* TopicImageItem.swift */; };
		F48E06FE27042B0E00DA4D51 /* TopicResponse.swift in Sources */ = {isa = PBXBuildFile; fileRef = F48E06FD27042B0E00DA4D51 /* TopicResponse.swift */; };
		F499518727131F500025CD37 /* DwonlodsOpstionViewController.swift in Sources */ = {isa = PBXBuildFile; fileRef = F499518627131F500025CD37 /* DwonlodsOpstionViewController.swift */; };
		F4DF45EC26ECDD040011EE99 /* ImageAPIController.swift in Sources */ = {isa = PBXBuildFile; fileRef = F4DF45EA26ECDD040011EE99 /* ImageAPIController.swift */; };
		F4DF45F326ECDD430011EE99 /* Cache.swift in Sources */ = {isa = PBXBuildFile; fileRef = F4DF45F026ECDD430011EE99 /* Cache.swift */; };
		F4DF45F426ECDD430011EE99 /* CacheItem.swift in Sources */ = {isa = PBXBuildFile; fileRef = F4DF45F126ECDD430011EE99 /* CacheItem.swift */; };
		F4DF45F526ECDD430011EE99 /* CachedWebClient.swift in Sources */ = {isa = PBXBuildFile; fileRef = F4DF45F226ECDD430011EE99 /* CachedWebClient.swift */; };
		F4DF45FC26ECDD5D0011EE99 /* Resource.swift in Sources */ = {isa = PBXBuildFile; fileRef = F4DF45F626ECDD5D0011EE99 /* Resource.swift */; };
		F4DF45FD26ECDD5D0011EE99 /* Result.swift in Sources */ = {isa = PBXBuildFile; fileRef = F4DF45F726ECDD5D0011EE99 /* Result.swift */; };
		F4DF45FE26ECDD5D0011EE99 /* Reachability.swift in Sources */ = {isa = PBXBuildFile; fileRef = F4DF45F826ECDD5D0011EE99 /* Reachability.swift */; };
		F4DF45FF26ECDD5D0011EE99 /* WebError.swift in Sources */ = {isa = PBXBuildFile; fileRef = F4DF45F926ECDD5D0011EE99 /* WebError.swift */; };
		F4DF460026ECDD5D0011EE99 /* Path.swift in Sources */ = {isa = PBXBuildFile; fileRef = F4DF45FA26ECDD5D0011EE99 /* Path.swift */; };
		F4DF460126ECDD5D0011EE99 /* WebClient.swift in Sources */ = {isa = PBXBuildFile; fileRef = F4DF45FB26ECDD5D0011EE99 /* WebClient.swift */; };
		F4DF460326ECDD6F0011EE99 /* APIError.swift in Sources */ = {isa = PBXBuildFile; fileRef = F4DF460226ECDD6F0011EE99 /* APIError.swift */; };
		F4DF460726ECE78C0011EE99 /* RootError.swift in Sources */ = {isa = PBXBuildFile; fileRef = F4DF460626ECE78C0011EE99 /* RootError.swift */; };
		F4E5E05626F5DEFF00C28AAA /* GridViewController.swift in Sources */ = {isa = PBXBuildFile; fileRef = F4E5E05526F5DEFF00C28AAA /* GridViewController.swift */; };
/* End PBXBuildFile section */

/* Begin PBXFileReference section */
		183510CF26F316A200C8315B /* HotViewController.swift */ = {isa = PBXFileReference; lastKnownFileType = sourcecode.swift; path = HotViewController.swift; sourceTree = "<group>"; };
		1852428626F46DA30025E19E /* HomeImageRespone.swift */ = {isa = PBXFileReference; lastKnownFileType = sourcecode.swift; path = HomeImageRespone.swift; sourceTree = "<group>"; };
		4F8D153D6F5DD2DA184A57AB /* Pods-UnSplash App.release.xcconfig */ = {isa = PBXFileReference; includeInIndex = 1; lastKnownFileType = text.xcconfig; name = "Pods-UnSplash App.release.xcconfig"; path = "Target Support Files/Pods-UnSplash App/Pods-UnSplash App.release.xcconfig"; sourceTree = "<group>"; };
		BD05F8EEFE8345BA6203C9FA /* Pods-UnSplash App.debug.xcconfig */ = {isa = PBXFileReference; includeInIndex = 1; lastKnownFileType = text.xcconfig; name = "Pods-UnSplash App.debug.xcconfig"; path = "Target Support Files/Pods-UnSplash App/Pods-UnSplash App.debug.xcconfig"; sourceTree = "<group>"; };
		F41DEA7926E4C12000215CFC /* PinterestLayout.swift */ = {isa = PBXFileReference; fileEncoding = 4; lastKnownFileType = sourcecode.swift; path = PinterestLayout.swift; sourceTree = "<group>"; };
		F41DEA7C26E4C16800215CFC /* Photo.swift */ = {isa = PBXFileReference; fileEncoding = 4; lastKnownFileType = sourcecode.swift; path = Photo.swift; sourceTree = "<group>"; };
		F41DEA7F26E4C19500215CFC /* Photos.xcassets */ = {isa = PBXFileReference; lastKnownFileType = folder.assetcatalog; path = Photos.xcassets; sourceTree = "<group>"; };
		F41DEA8026E4C19500215CFC /* Photos.plist */ = {isa = PBXFileReference; fileEncoding = 4; lastKnownFileType = text.plist.xml; path = Photos.plist; sourceTree = "<group>"; };
		F41DEA8426E4C20800215CFC /* AnnotatedPhotoCell.swift */ = {isa = PBXFileReference; fileEncoding = 4; lastKnownFileType = sourcecode.swift; path = AnnotatedPhotoCell.swift; sourceTree = "<group>"; };
		F42B371B26FB57D000609593 /* imageItem.swift */ = {isa = PBXFileReference; lastKnownFileType = sourcecode.swift; path = imageItem.swift; sourceTree = "<group>"; };
		F42B371E26FB6B4300609593 /* AppConst.swift */ = {isa = PBXFileReference; lastKnownFileType = sourcecode.swift; path = AppConst.swift; sourceTree = "<group>"; };
		F42CA883270DEEFD00B8067A /* FileDownloader.swift */ = {isa = PBXFileReference; lastKnownFileType = sourcecode.swift; path = FileDownloader.swift; sourceTree = "<group>"; };
		F453BBF927030D80006EF654 /* ImageInfoViewController.swift */ = {isa = PBXFileReference; lastKnownFileType = sourcecode.swift; path = ImageInfoViewController.swift; sourceTree = "<group>"; };
		F45D8818270867E5002CD360 /* TopicImageResponse.swift */ = {isa = PBXFileReference; lastKnownFileType = sourcecode.swift; path = TopicImageResponse.swift; sourceTree = "<group>"; };
		F45D881A27086AA1002CD360 /* TopicImagesViewController.swift */ = {isa = PBXFileReference; lastKnownFileType = sourcecode.swift; path = TopicImagesViewController.swift; sourceTree = "<group>"; };
		F45D881C27086CB7002CD360 /* StretchyCollectionHeaderView.swift */ = {isa = PBXFileReference; lastKnownFileType = sourcecode.swift; path = StretchyCollectionHeaderView.swift; sourceTree = "<group>"; };
		F45D881E27086D14002CD360 /* CollectionViewFlowLayout.swift */ = {isa = PBXFileReference; lastKnownFileType = sourcecode.swift; path = CollectionViewFlowLayout.swift; sourceTree = "<group>"; };
		F45F770426DBDBB3009CAAE1 /* UnSplash App.app */ = {isa = PBXFileReference; explicitFileType = wrapper.application; includeInIndex = 0; path = "UnSplash App.app"; sourceTree = BUILT_PRODUCTS_DIR; };
		F45F770726DBDBB3009CAAE1 /* AppDelegate.swift */ = {isa = PBXFileReference; lastKnownFileType = sourcecode.swift; path = AppDelegate.swift; sourceTree = "<group>"; };
		F45F770926DBDBB3009CAAE1 /* SceneDelegate.swift */ = {isa = PBXFileReference; lastKnownFileType = sourcecode.swift; path = SceneDelegate.swift; sourceTree = "<group>"; };
		F45F770B26DBDBB3009CAAE1 /* HomeViewController.swift */ = {isa = PBXFileReference; lastKnownFileType = sourcecode.swift; path = HomeViewController.swift; sourceTree = "<group>"; };
		F45F770E26DBDBB3009CAAE1 /* Base */ = {isa = PBXFileReference; lastKnownFileType = file.storyboard; name = Base; path = Base.lproj/Main.storyboard; sourceTree = "<group>"; };
		F45F771026DBDBB3009CAAE1 /* Assets.xcassets */ = {isa = PBXFileReference; lastKnownFileType = folder.assetcatalog; path = Assets.xcassets; sourceTree = "<group>"; };
		F45F771326DBDBB3009CAAE1 /* Base */ = {isa = PBXFileReference; lastKnownFileType = file.storyboard; name = Base; path = Base.lproj/LaunchScreen.storyboard; sourceTree = "<group>"; };
		F45F771526DBDBB3009CAAE1 /* Info.plist */ = {isa = PBXFileReference; lastKnownFileType = text.plist.xml; path = Info.plist; sourceTree = "<group>"; };
		F4674707271D89A00016058D /* DownlodCell.swift */ = {isa = PBXFileReference; lastKnownFileType = sourcecode.swift; path = DownlodCell.swift; sourceTree = "<group>"; };
		F4674709271D94020016058D /* DownlodClass.swift */ = {isa = PBXFileReference; lastKnownFileType = sourcecode.swift; path = DownlodClass.swift; sourceTree = "<group>"; };
		F47CC70E2712B032008C5C91 /* SavedViewController.swift */ = {isa = PBXFileReference; lastKnownFileType = sourcecode.swift; path = SavedViewController.swift; sourceTree = "<group>"; };
		F48E06F92704275A00DA4D51 /* TopicsViewController.swift */ = {isa = PBXFileReference; lastKnownFileType = sourcecode.swift; path = TopicsViewController.swift; sourceTree = "<group>"; };
		F48E06FB2704295200DA4D51 /* TopicImageItem.swift */ = {isa = PBXFileReference; lastKnownFileType = sourcecode.swift; path = TopicImageItem.swift; sourceTree = "<group>"; };
		F48E06FD27042B0E00DA4D51 /* TopicResponse.swift */ = {isa = PBXFileReference; lastKnownFileType = sourcecode.swift; path = TopicResponse.swift; sourceTree = "<group>"; };
		F499518627131F500025CD37 /* DwonlodsOpstionViewController.swift */ = {isa = PBXFileReference; lastKnownFileType = sourcecode.swift; path = DwonlodsOpstionViewController.swift; sourceTree = "<group>"; };
		F4DF45EA26ECDD040011EE99 /* ImageAPIController.swift */ = {isa = PBXFileReference; fileEncoding = 4; lastKnownFileType = sourcecode.swift; path = ImageAPIController.swift; sourceTree = "<group>"; };
		F4DF45F026ECDD430011EE99 /* Cache.swift */ = {isa = PBXFileReference; fileEncoding = 4; lastKnownFileType = sourcecode.swift; path = Cache.swift; sourceTree = "<group>"; };
		F4DF45F126ECDD430011EE99 /* CacheItem.swift */ = {isa = PBXFileReference; fileEncoding = 4; lastKnownFileType = sourcecode.swift; path = CacheItem.swift; sourceTree = "<group>"; };
		F4DF45F226ECDD430011EE99 /* CachedWebClient.swift */ = {isa = PBXFileReference; fileEncoding = 4; lastKnownFileType = sourcecode.swift; path = CachedWebClient.swift; sourceTree = "<group>"; };
		F4DF45F626ECDD5D0011EE99 /* Resource.swift */ = {isa = PBXFileReference; fileEncoding = 4; lastKnownFileType = sourcecode.swift; path = Resource.swift; sourceTree = "<group>"; };
		F4DF45F726ECDD5D0011EE99 /* Result.swift */ = {isa = PBXFileReference; fileEncoding = 4; lastKnownFileType = sourcecode.swift; path = Result.swift; sourceTree = "<group>"; };
		F4DF45F826ECDD5D0011EE99 /* Reachability.swift */ = {isa = PBXFileReference; fileEncoding = 4; lastKnownFileType = sourcecode.swift; path = Reachability.swift; sourceTree = "<group>"; };
		F4DF45F926ECDD5D0011EE99 /* WebError.swift */ = {isa = PBXFileReference; fileEncoding = 4; lastKnownFileType = sourcecode.swift; path = WebError.swift; sourceTree = "<group>"; };
		F4DF45FA26ECDD5D0011EE99 /* Path.swift */ = {isa = PBXFileReference; fileEncoding = 4; lastKnownFileType = sourcecode.swift; path = Path.swift; sourceTree = "<group>"; };
		F4DF45FB26ECDD5D0011EE99 /* WebClient.swift */ = {isa = PBXFileReference; fileEncoding = 4; lastKnownFileType = sourcecode.swift; path = WebClient.swift; sourceTree = "<group>"; };
		F4DF460226ECDD6F0011EE99 /* APIError.swift */ = {isa = PBXFileReference; fileEncoding = 4; lastKnownFileType = sourcecode.swift; path = APIError.swift; sourceTree = "<group>"; };
		F4DF460626ECE78C0011EE99 /* RootError.swift */ = {isa = PBXFileReference; lastKnownFileType = sourcecode.swift; path = RootError.swift; sourceTree = "<group>"; };
		F4E5E05526F5DEFF00C28AAA /* GridViewController.swift */ = {isa = PBXFileReference; lastKnownFileType = sourcecode.swift; path = GridViewController.swift; sourceTree = "<group>"; };
		FCB5C4F80BA35ED40E4488D3 /* Pods_UnSplash_App.framework */ = {isa = PBXFileReference; explicitFileType = wrapper.framework; includeInIndex = 0; path = Pods_UnSplash_App.framework; sourceTree = BUILT_PRODUCTS_DIR; };
/* End PBXFileReference section */

/* Begin PBXFrameworksBuildPhase section */
		F45F770126DBDBB3009CAAE1 /* Frameworks */ = {
			isa = PBXFrameworksBuildPhase;
			buildActionMask = 2147483647;
			files = (
				9F47FA12A10C2F34510D2E3E /* Pods_UnSplash_App.framework in Frameworks */,
			);
			runOnlyForDeploymentPostprocessing = 0;
		};
/* End PBXFrameworksBuildPhase section */

/* Begin PBXGroup section */
		3D265AA344879AA8D293C485 /* Pods */ = {
			isa = PBXGroup;
			children = (
				BD05F8EEFE8345BA6203C9FA /* Pods-UnSplash App.debug.xcconfig */,
				4F8D153D6F5DD2DA184A57AB /* Pods-UnSplash App.release.xcconfig */,
			);
			path = Pods;
			sourceTree = "<group>";
		};
		E7E6A08E1EC07C28D2EB7E73 /* Frameworks */ = {
			isa = PBXGroup;
			children = (
				FCB5C4F80BA35ED40E4488D3 /* Pods_UnSplash_App.framework */,
			);
			name = Frameworks;
			sourceTree = "<group>";
		};
		F41DEA7826E4C10300215CFC /* Layout */ = {
			isa = PBXGroup;
			children = (
				F41DEA7926E4C12000215CFC /* PinterestLayout.swift */,
			);
			path = Layout;
			sourceTree = "<group>";
		};
		F41DEA7B26E4C12E00215CFC /* Modals */ = {
			isa = PBXGroup;
			children = (
				F41DEA7C26E4C16800215CFC /* Photo.swift */,
			);
			path = Modals;
			sourceTree = "<group>";
		};
		F41DEA7E26E4C17B00215CFC /* Assets */ = {
			isa = PBXGroup;
			children = (
				F45F771026DBDBB3009CAAE1 /* Assets.xcassets */,
				F41DEA8026E4C19500215CFC /* Photos.plist */,
				F41DEA7F26E4C19500215CFC /* Photos.xcassets */,
			);
			path = Assets;
			sourceTree = "<group>";
		};
		F41DEA8326E4C1FF00215CFC /* Views */ = {
			isa = PBXGroup;
			children = (
				F41DEA8426E4C20800215CFC /* AnnotatedPhotoCell.swift */,
				F42B371B26FB57D000609593 /* imageItem.swift */,
				F48E06FB2704295200DA4D51 /* TopicImageItem.swift */,
				F45D881C27086CB7002CD360 /* StretchyCollectionHeaderView.swift */,
				F45D881E27086D14002CD360 /* CollectionViewFlowLayout.swift */,
				F4674707271D89A00016058D /* DownlodCell.swift */,
			);
			path = Views;
			sourceTree = "<group>";
		};
		F42B371D26FB6B3400609593 /* AppConst */ = {
			isa = PBXGroup;
			children = (
				F42B371E26FB6B4300609593 /* AppConst.swift */,
				F42CA883270DEEFD00B8067A /* FileDownloader.swift */,
			);
			path = AppConst;
			sourceTree = "<group>";
		};
		F45F76FB26DBDBB3009CAAE1 = {
			isa = PBXGroup;
			children = (
				F45F770626DBDBB3009CAAE1 /* UnSplash App */,
				F45F770526DBDBB3009CAAE1 /* Products */,
				3D265AA344879AA8D293C485 /* Pods */,
				E7E6A08E1EC07C28D2EB7E73 /* Frameworks */,
			);
			sourceTree = "<group>";
		};
		F45F770526DBDBB3009CAAE1 /* Products */ = {
			isa = PBXGroup;
			children = (
				F45F770426DBDBB3009CAAE1 /* UnSplash App.app */,
			);
			name = Products;
			sourceTree = "<group>";
		};
		F45F770626DBDBB3009CAAE1 /* UnSplash App */ = {
			isa = PBXGroup;
			children = (
				F42B371D26FB6B3400609593 /* AppConst */,
				F4DF45E726ECDCE70011EE99 /* Networking */,
				F41DEA8326E4C1FF00215CFC /* Views */,
				F41DEA7E26E4C17B00215CFC /* Assets */,
				F41DEA7B26E4C12E00215CFC /* Modals */,
				F41DEA7826E4C10300215CFC /* Layout */,
				F47E109E26E4BEC90085F593 /* ViewControllers */,
				F45F770726DBDBB3009CAAE1 /* AppDelegate.swift */,
				F45F770926DBDBB3009CAAE1 /* SceneDelegate.swift */,
				F45F770D26DBDBB3009CAAE1 /* Main.storyboard */,
				F45F771226DBDBB3009CAAE1 /* LaunchScreen.storyboard */,
				F45F771526DBDBB3009CAAE1 /* Info.plist */,
			);
			path = "UnSplash App";
			sourceTree = "<group>";
		};
		F47E109E26E4BEC90085F593 /* ViewControllers */ = {
			isa = PBXGroup;
			children = (
				F45F770B26DBDBB3009CAAE1 /* HomeViewController.swift */,
				183510CF26F316A200C8315B /* HotViewController.swift */,
				F4E5E05526F5DEFF00C28AAA /* GridViewController.swift */,
				F453BBF927030D80006EF654 /* ImageInfoViewController.swift */,
				F48E06F92704275A00DA4D51 /* TopicsViewController.swift */,
				F45D881A27086AA1002CD360 /* TopicImagesViewController.swift */,
				F47CC70E2712B032008C5C91 /* SavedViewController.swift */,
				F499518627131F500025CD37 /* DwonlodsOpstionViewController.swift */,
			);
			path = ViewControllers;
			sourceTree = "<group>";
		};
		F4DF45E726ECDCE70011EE99 /* Networking */ = {
			isa = PBXGroup;
			children = (
				F4DF460226ECDD6F0011EE99 /* APIError.swift */,
				F4DF45EE26ECDD270011EE99 /* JSONRestClient */,
				F4DF45ED26ECDD160011EE99 /* Models */,
				F4DF45E826ECDCF30011EE99 /* APIControllers */,
			);
			path = Networking;
			sourceTree = "<group>";
		};
		F4DF45E826ECDCF30011EE99 /* APIControllers */ = {
			isa = PBXGroup;
			children = (
				F4DF45EA26ECDD040011EE99 /* ImageAPIController.swift */,
			);
			path = APIControllers;
			sourceTree = "<group>";
		};
		F4DF45ED26ECDD160011EE99 /* Models */ = {
			isa = PBXGroup;
			children = (
				F4DF460626ECE78C0011EE99 /* RootError.swift */,
				1852428626F46DA30025E19E /* HomeImageRespone.swift */,
				F48E06FD27042B0E00DA4D51 /* TopicResponse.swift */,
				F45D8818270867E5002CD360 /* TopicImageResponse.swift */,
				F4674709271D94020016058D /* DownlodClass.swift */,
			);
			path = Models;
			sourceTree = "<group>";
		};
		F4DF45EE26ECDD270011EE99 /* JSONRestClient */ = {
			isa = PBXGroup;
			children = (
				F4DF45FA26ECDD5D0011EE99 /* Path.swift */,
				F4DF45F826ECDD5D0011EE99 /* Reachability.swift */,
				F4DF45F626ECDD5D0011EE99 /* Resource.swift */,
				F4DF45F726ECDD5D0011EE99 /* Result.swift */,
				F4DF45FB26ECDD5D0011EE99 /* WebClient.swift */,
				F4DF45F926ECDD5D0011EE99 /* WebError.swift */,
				F4DF45EF26ECDD2D0011EE99 /* Cache */,
			);
			path = JSONRestClient;
			sourceTree = "<group>";
		};
		F4DF45EF26ECDD2D0011EE99 /* Cache */ = {
			isa = PBXGroup;
			children = (
				F4DF45F026ECDD430011EE99 /* Cache.swift */,
				F4DF45F226ECDD430011EE99 /* CachedWebClient.swift */,
				F4DF45F126ECDD430011EE99 /* CacheItem.swift */,
			);
			path = Cache;
			sourceTree = "<group>";
		};
/* End PBXGroup section */

/* Begin PBXNativeTarget section */
		F45F770326DBDBB3009CAAE1 /* UnSplash App */ = {
			isa = PBXNativeTarget;
			buildConfigurationList = F45F771826DBDBB3009CAAE1 /* Build configuration list for PBXNativeTarget "UnSplash App" */;
			buildPhases = (
				0C621285C4CA6340648FD818 /* [CP] Check Pods Manifest.lock */,
				F45F770026DBDBB3009CAAE1 /* Sources */,
				F45F770126DBDBB3009CAAE1 /* Frameworks */,
				F45F770226DBDBB3009CAAE1 /* Resources */,
				1F6AFEB62800DB0D0667874F /* [CP] Embed Pods Frameworks */,
			);
			buildRules = (
			);
			dependencies = (
			);
			name = "UnSplash App";
			productName = "UnSplash App";
			productReference = F45F770426DBDBB3009CAAE1 /* UnSplash App.app */;
			productType = "com.apple.product-type.application";
		};
/* End PBXNativeTarget section */

/* Begin PBXProject section */
		F45F76FC26DBDBB3009CAAE1 /* Project object */ = {
			isa = PBXProject;
			attributes = {
				LastSwiftUpdateCheck = 1250;
				LastUpgradeCheck = 1250;
				TargetAttributes = {
					F45F770326DBDBB3009CAAE1 = {
						CreatedOnToolsVersion = 12.5.1;
					};
				};
			};
			buildConfigurationList = F45F76FF26DBDBB3009CAAE1 /* Build configuration list for PBXProject "UnSplash App" */;
			compatibilityVersion = "Xcode 9.3";
			developmentRegion = en;
			hasScannedForEncodings = 0;
			knownRegions = (
				en,
				Base,
			);
			mainGroup = F45F76FB26DBDBB3009CAAE1;
			productRefGroup = F45F770526DBDBB3009CAAE1 /* Products */;
			projectDirPath = "";
			projectRoot = "";
			targets = (
				F45F770326DBDBB3009CAAE1 /* UnSplash App */,
			);
		};
/* End PBXProject section */

/* Begin PBXResourcesBuildPhase section */
		F45F770226DBDBB3009CAAE1 /* Resources */ = {
			isa = PBXResourcesBuildPhase;
			buildActionMask = 2147483647;
			files = (
				F41DEA8126E4C19500215CFC /* Photos.xcassets in Resources */,
				F45F771426DBDBB3009CAAE1 /* LaunchScreen.storyboard in Resources */,
				F45F771126DBDBB3009CAAE1 /* Assets.xcassets in Resources */,
				F45F770F26DBDBB3009CAAE1 /* Main.storyboard in Resources */,
				F41DEA8226E4C19500215CFC /* Photos.plist in Resources */,
			);
			runOnlyForDeploymentPostprocessing = 0;
		};
/* End PBXResourcesBuildPhase section */

/* Begin PBXShellScriptBuildPhase section */
		0C621285C4CA6340648FD818 /* [CP] Check Pods Manifest.lock */ = {
			isa = PBXShellScriptBuildPhase;
			buildActionMask = 2147483647;
			files = (
			);
			inputFileListPaths = (
			);
			inputPaths = (
				"${PODS_PODFILE_DIR_PATH}/Podfile.lock",
				"${PODS_ROOT}/Manifest.lock",
			);
			name = "[CP] Check Pods Manifest.lock";
			outputFileListPaths = (
			);
			outputPaths = (
				"$(DERIVED_FILE_DIR)/Pods-UnSplash App-checkManifestLockResult.txt",
			);
			runOnlyForDeploymentPostprocessing = 0;
			shellPath = /bin/sh;
			shellScript = "diff \"${PODS_PODFILE_DIR_PATH}/Podfile.lock\" \"${PODS_ROOT}/Manifest.lock\" > /dev/null\nif [ $? != 0 ] ; then\n    # print error to STDERR\n    echo \"error: The sandbox is not in sync with the Podfile.lock. Run 'pod install' or update your CocoaPods installation.\" >&2\n    exit 1\nfi\n# This output is used by Xcode 'outputs' to avoid re-running this script phase.\necho \"SUCCESS\" > \"${SCRIPT_OUTPUT_FILE_0}\"\n";
			showEnvVarsInLog = 0;
		};
		1F6AFEB62800DB0D0667874F /* [CP] Embed Pods Frameworks */ = {
			isa = PBXShellScriptBuildPhase;
			buildActionMask = 2147483647;
			files = (
			);
			inputFileListPaths = (
				"${PODS_ROOT}/Target Support Files/Pods-UnSplash App/Pods-UnSplash App-frameworks-${CONFIGURATION}-input-files.xcfilelist",
			);
			name = "[CP] Embed Pods Frameworks";
			outputFileListPaths = (
				"${PODS_ROOT}/Target Support Files/Pods-UnSplash App/Pods-UnSplash App-frameworks-${CONFIGURATION}-output-files.xcfilelist",
			);
			runOnlyForDeploymentPostprocessing = 0;
			shellPath = /bin/sh;
			shellScript = "\"${PODS_ROOT}/Target Support Files/Pods-UnSplash App/Pods-UnSplash App-frameworks.sh\"\n";
			showEnvVarsInLog = 0;
		};
/* End PBXShellScriptBuildPhase section */

/* Begin PBXSourcesBuildPhase section */
		F45F770026DBDBB3009CAAE1 /* Sources */ = {
			isa = PBXSourcesBuildPhase;
			buildActionMask = 2147483647;
			files = (
				183510D026F316A200C8315B /* HotViewController.swift in Sources */,
				F4DF460126ECDD5D0011EE99 /* WebClient.swift in Sources */,
				F4DF45FE26ECDD5D0011EE99 /* Reachability.swift in Sources */,
				F41DEA7A26E4C12000215CFC /* PinterestLayout.swift in Sources */,
				F4E5E05626F5DEFF00C28AAA /* GridViewController.swift in Sources */,
				F45D881D27086CB7002CD360 /* StretchyCollectionHeaderView.swift in Sources */,
				F4DF460026ECDD5D0011EE99 /* Path.swift in Sources */,
				F453BBFA27030D80006EF654 /* ImageInfoViewController.swift in Sources */,
				F4DF45FD26ECDD5D0011EE99 /* Result.swift in Sources */,
				F4DF45F526ECDD430011EE99 /* CachedWebClient.swift in Sources */,
				F4DF45F326ECDD430011EE99 /* Cache.swift in Sources */,
				F42B371F26FB6B4300609593 /* AppConst.swift in Sources */,
				F4DF45FF26ECDD5D0011EE99 /* WebError.swift in Sources */,
				F45D8819270867E5002CD360 /* TopicImageResponse.swift in Sources */,
				F4674708271D89A00016058D /* DownlodCell.swift in Sources */,
				F48E06FE27042B0E00DA4D51 /* TopicResponse.swift in Sources */,
				F4DF45F426ECDD430011EE99 /* CacheItem.swift in Sources */,
				F45D881F27086D14002CD360 /* CollectionViewFlowLayout.swift in Sources */,
				F4DF460726ECE78C0011EE99 /* RootError.swift in Sources */,
				F4DF45EC26ECDD040011EE99 /* ImageAPIController.swift in Sources */,
				F41DEA8526E4C20800215CFC /* AnnotatedPhotoCell.swift in Sources */,
				F45F770C26DBDBB3009CAAE1 /* HomeViewController.swift in Sources */,
				F45F770826DBDBB3009CAAE1 /* AppDelegate.swift in Sources */,
				F45D881B27086AA1002CD360 /* TopicImagesViewController.swift in Sources */,
				F48E06FA2704275A00DA4D51 /* TopicsViewController.swift in Sources */,
				F4DF45FC26ECDD5D0011EE99 /* Resource.swift in Sources */,
				F48E06FC2704295200DA4D51 /* TopicImageItem.swift in Sources */,
				F45F770A26DBDBB3009CAAE1 /* SceneDelegate.swift in Sources */,
				F42B371C26FB57D000609593 /* imageItem.swift in Sources */,
				1852428726F46DA30025E19E /* HomeImageRespone.swift in Sources */,
				F467470A271D94020016058D /* DownlodClass.swift in Sources */,
				F41DEA7D26E4C16800215CFC /* Photo.swift in Sources */,
				F47CC70F2712B032008C5C91 /* SavedViewController.swift in Sources */,
				F42CA884270DEEFD00B8067A /* FileDownloader.swift in Sources */,
				F4DF460326ECDD6F0011EE99 /* APIError.swift in Sources */,
				F499518727131F500025CD37 /* DwonlodsOpstionViewController.swift in Sources */,
			);
			runOnlyForDeploymentPostprocessing = 0;
		};
/* End PBXSourcesBuildPhase section */

/* Begin PBXVariantGroup section */
		F45F770D26DBDBB3009CAAE1 /* Main.storyboard */ = {
			isa = PBXVariantGroup;
			children = (
				F45F770E26DBDBB3009CAAE1 /* Base */,
			);
			name = Main.storyboard;
			sourceTree = "<group>";
		};
		F45F771226DBDBB3009CAAE1 /* LaunchScreen.storyboard */ = {
			isa = PBXVariantGroup;
			children = (
				F45F771326DBDBB3009CAAE1 /* Base */,
			);
			name = LaunchScreen.storyboard;
			sourceTree = "<group>";
		};
/* End PBXVariantGroup section */

/* Begin XCBuildConfiguration section */
		F45F771626DBDBB3009CAAE1 /* Debug */ = {
			isa = XCBuildConfiguration;
			buildSettings = {
				ALWAYS_SEARCH_USER_PATHS = NO;
				CLANG_ANALYZER_NONNULL = YES;
				CLANG_ANALYZER_NUMBER_OBJECT_CONVERSION = YES_AGGRESSIVE;
				CLANG_CXX_LANGUAGE_STANDARD = "gnu++14";
				CLANG_CXX_LIBRARY = "libc++";
				CLANG_ENABLE_MODULES = YES;
				CLANG_ENABLE_OBJC_ARC = YES;
				CLANG_ENABLE_OBJC_WEAK = YES;
				CLANG_WARN_BLOCK_CAPTURE_AUTORELEASING = YES;
				CLANG_WARN_BOOL_CONVERSION = YES;
				CLANG_WARN_COMMA = YES;
				CLANG_WARN_CONSTANT_CONVERSION = YES;
				CLANG_WARN_DEPRECATED_OBJC_IMPLEMENTATIONS = YES;
				CLANG_WARN_DIRECT_OBJC_ISA_USAGE = YES_ERROR;
				CLANG_WARN_DOCUMENTATION_COMMENTS = YES;
				CLANG_WARN_EMPTY_BODY = YES;
				CLANG_WARN_ENUM_CONVERSION = YES;
				CLANG_WARN_INFINITE_RECURSION = YES;
				CLANG_WARN_INT_CONVERSION = YES;
				CLANG_WARN_NON_LITERAL_NULL_CONVERSION = YES;
				CLANG_WARN_OBJC_IMPLICIT_RETAIN_SELF = YES;
				CLANG_WARN_OBJC_LITERAL_CONVERSION = YES;
				CLANG_WARN_OBJC_ROOT_CLASS = YES_ERROR;
				CLANG_WARN_QUOTED_INCLUDE_IN_FRAMEWORK_HEADER = YES;
				CLANG_WARN_RANGE_LOOP_ANALYSIS = YES;
				CLANG_WARN_STRICT_PROTOTYPES = YES;
				CLANG_WARN_SUSPICIOUS_MOVE = YES;
				CLANG_WARN_UNGUARDED_AVAILABILITY = YES_AGGRESSIVE;
				CLANG_WARN_UNREACHABLE_CODE = YES;
				CLANG_WARN__DUPLICATE_METHOD_MATCH = YES;
				COPY_PHASE_STRIP = NO;
				DEBUG_INFORMATION_FORMAT = dwarf;
				ENABLE_STRICT_OBJC_MSGSEND = YES;
				ENABLE_TESTABILITY = YES;
				GCC_C_LANGUAGE_STANDARD = gnu11;
				GCC_DYNAMIC_NO_PIC = NO;
				GCC_NO_COMMON_BLOCKS = YES;
				GCC_OPTIMIZATION_LEVEL = 0;
				GCC_PREPROCESSOR_DEFINITIONS = (
					"DEBUG=1",
					"$(inherited)",
				);
				GCC_WARN_64_TO_32_BIT_CONVERSION = YES;
				GCC_WARN_ABOUT_RETURN_TYPE = YES_ERROR;
				GCC_WARN_UNDECLARED_SELECTOR = YES;
				GCC_WARN_UNINITIALIZED_AUTOS = YES_AGGRESSIVE;
				GCC_WARN_UNUSED_FUNCTION = YES;
				GCC_WARN_UNUSED_VARIABLE = YES;
				IPHONEOS_DEPLOYMENT_TARGET = 14.5;
				MTL_ENABLE_DEBUG_INFO = INCLUDE_SOURCE;
				MTL_FAST_MATH = YES;
				ONLY_ACTIVE_ARCH = YES;
				SDKROOT = iphoneos;
				SWIFT_ACTIVE_COMPILATION_CONDITIONS = DEBUG;
				SWIFT_OPTIMIZATION_LEVEL = "-Onone";
			};
			name = Debug;
		};
		F45F771726DBDBB3009CAAE1 /* Release */ = {
			isa = XCBuildConfiguration;
			buildSettings = {
				ALWAYS_SEARCH_USER_PATHS = NO;
				CLANG_ANALYZER_NONNULL = YES;
				CLANG_ANALYZER_NUMBER_OBJECT_CONVERSION = YES_AGGRESSIVE;
				CLANG_CXX_LANGUAGE_STANDARD = "gnu++14";
				CLANG_CXX_LIBRARY = "libc++";
				CLANG_ENABLE_MODULES = YES;
				CLANG_ENABLE_OBJC_ARC = YES;
				CLANG_ENABLE_OBJC_WEAK = YES;
				CLANG_WARN_BLOCK_CAPTURE_AUTORELEASING = YES;
				CLANG_WARN_BOOL_CONVERSION = YES;
				CLANG_WARN_COMMA = YES;
				CLANG_WARN_CONSTANT_CONVERSION = YES;
				CLANG_WARN_DEPRECATED_OBJC_IMPLEMENTATIONS = YES;
				CLANG_WARN_DIRECT_OBJC_ISA_USAGE = YES_ERROR;
				CLANG_WARN_DOCUMENTATION_COMMENTS = YES;
				CLANG_WARN_EMPTY_BODY = YES;
				CLANG_WARN_ENUM_CONVERSION = YES;
				CLANG_WARN_INFINITE_RECURSION = YES;
				CLANG_WARN_INT_CONVERSION = YES;
				CLANG_WARN_NON_LITERAL_NULL_CONVERSION = YES;
				CLANG_WARN_OBJC_IMPLICIT_RETAIN_SELF = YES;
				CLANG_WARN_OBJC_LITERAL_CONVERSION = YES;
				CLANG_WARN_OBJC_ROOT_CLASS = YES_ERROR;
				CLANG_WARN_QUOTED_INCLUDE_IN_FRAMEWORK_HEADER = YES;
				CLANG_WARN_RANGE_LOOP_ANALYSIS = YES;
				CLANG_WARN_STRICT_PROTOTYPES = YES;
				CLANG_WARN_SUSPICIOUS_MOVE = YES;
				CLANG_WARN_UNGUARDED_AVAILABILITY = YES_AGGRESSIVE;
				CLANG_WARN_UNREACHABLE_CODE = YES;
				CLANG_WARN__DUPLICATE_METHOD_MATCH = YES;
				COPY_PHASE_STRIP = NO;
				DEBUG_INFORMATION_FORMAT = "dwarf-with-dsym";
				ENABLE_NS_ASSERTIONS = NO;
				ENABLE_STRICT_OBJC_MSGSEND = YES;
				GCC_C_LANGUAGE_STANDARD = gnu11;
				GCC_NO_COMMON_BLOCKS = YES;
				GCC_WARN_64_TO_32_BIT_CONVERSION = YES;
				GCC_WARN_ABOUT_RETURN_TYPE = YES_ERROR;
				GCC_WARN_UNDECLARED_SELECTOR = YES;
				GCC_WARN_UNINITIALIZED_AUTOS = YES_AGGRESSIVE;
				GCC_WARN_UNUSED_FUNCTION = YES;
				GCC_WARN_UNUSED_VARIABLE = YES;
				IPHONEOS_DEPLOYMENT_TARGET = 14.5;
				MTL_ENABLE_DEBUG_INFO = NO;
				MTL_FAST_MATH = YES;
				SDKROOT = iphoneos;
				SWIFT_COMPILATION_MODE = wholemodule;
				SWIFT_OPTIMIZATION_LEVEL = "-O";
				VALIDATE_PRODUCT = YES;
			};
			name = Release;
		};
		F45F771926DBDBB3009CAAE1 /* Debug */ = {
			isa = XCBuildConfiguration;
			baseConfigurationReference = BD05F8EEFE8345BA6203C9FA /* Pods-UnSplash App.debug.xcconfig */;
			buildSettings = {
				ASSETCATALOG_COMPILER_APPICON_NAME = AppIcon;
				ASSETCATALOG_COMPILER_GLOBAL_ACCENT_COLOR_NAME = AccentColor;
				CODE_SIGN_STYLE = Automatic;
				INFOPLIST_FILE = "UnSplash App/Info.plist";
				IPHONEOS_DEPLOYMENT_TARGET = 14.1;
				LD_RUNPATH_SEARCH_PATHS = (
					"$(inherited)",
					"@executable_path/Frameworks",
				);
				PRODUCT_BUNDLE_IDENTIFIER = "com.girish.unsplashapp.UnSplash-App";
				PRODUCT_NAME = "$(TARGET_NAME)";
				SWIFT_VERSION = 5.0;
				TARGETED_DEVICE_FAMILY = "1,2";
			};
			name = Debug;
		};
		F45F771A26DBDBB3009CAAE1 /* Release */ = {
			isa = XCBuildConfiguration;
			baseConfigurationReference = 4F8D153D6F5DD2DA184A57AB /* Pods-UnSplash App.release.xcconfig */;
			buildSettings = {
				ASSETCATALOG_COMPILER_APPICON_NAME = AppIcon;
				ASSETCATALOG_COMPILER_GLOBAL_ACCENT_COLOR_NAME = AccentColor;
				CODE_SIGN_STYLE = Automatic;
				INFOPLIST_FILE = "UnSplash App/Info.plist";
				IPHONEOS_DEPLOYMENT_TARGET = 14.1;
				LD_RUNPATH_SEARCH_PATHS = (
					"$(inherited)",
					"@executable_path/Frameworks",
				);
				PRODUCT_BUNDLE_IDENTIFIER = "com.girish.unsplashapp.UnSplash-App";
				PRODUCT_NAME = "$(TARGET_NAME)";
				SWIFT_VERSION = 5.0;
				TARGETED_DEVICE_FAMILY = "1,2";
			};
			name = Release;
		};
/* End XCBuildConfiguration section */

/* Begin XCConfigurationList section */
		F45F76FF26DBDBB3009CAAE1 /* Build configuration list for PBXProject "UnSplash App" */ = {
			isa = XCConfigurationList;
			buildConfigurations = (
				F45F771626DBDBB3009CAAE1 /* Debug */,
				F45F771726DBDBB3009CAAE1 /* Release */,
			);
			defaultConfigurationIsVisible = 0;
			defaultConfigurationName = Release;
		};
		F45F771826DBDBB3009CAAE1 /* Build configuration list for PBXNativeTarget "UnSplash App" */ = {
			isa = XCConfigurationList;
			buildConfigurations = (
				F45F771926DBDBB3009CAAE1 /* Debug */,
				F45F771A26DBDBB3009CAAE1 /* Release */,
			);
			defaultConfigurationIsVisible = 0;
			defaultConfigurationName = Release;
		};
/* End XCConfigurationList section */
	};
	rootObject = F45F76FC26DBDBB3009CAAE1 /* Project object */;
}
